dependencies:
- name: argo-workflows
  repository: https://argoproj.github.io/argo-helm
  version: 1.0.4
- name: kube-prometheus-stack
  repository: https://prometheus-community.github.io/helm-charts
  version: 83.5.1
digest: sha256:05ea1799669a3df05539afb08ae3a51695c7d17788e036de9c11bd6d35366520
generated: "2026-04-17T08:53:30.722111+02:00"
