dependencies:
- name: argo-workflows
  repository: https://argoproj.github.io/argo-helm
  version: 0.45.9
- name: kube-prometheus
  repository: https://charts.bitnami.com/bitnami
  version: 11.1.1
digest: sha256:46322f064751933585c0985dad77996ed8ee216df0fed19ea9c40f7935f67ae7
generated: "2025-03-05T10:30:52.962223+01:00"
